// !$*UTF8*$!
{
	archiveVersion = 1;
	classes = {
	};
	objectVersion = 55;
	objects = {

/* Begin PBXBuildFile section */
		2A54CCEAC9A0680E594726D6 /* Pods_DBEngine_DBEngineUITests.framework in Frameworks */ = {isa = PBXBuildFile; fileRef = 57E1455B81FA5CC2ADDF79C4 /* Pods_DBEngine_DBEngineUITests.framework */; };
		9347ACE627A683110017952D /* AppDelegate.swift in Sources */ = {isa = PBXBuildFile; fileRef = 9347ACE527A683110017952D /* AppDelegate.swift */; };
		9347ACE827A683110017952D /* SceneDelegate.swift in Sources */ = {isa = PBXBuildFile; fileRef = 9347ACE727A683110017952D /* SceneDelegate.swift */; };
		9347ACEA27A683110017952D /* ViewController.swift in Sources */ = {isa = PBXBuildFile; fileRef = 9347ACE927A683110017952D /* ViewController.swift */; };
		9347ACED27A683110017952D /* Main.storyboard in Resources */ = {isa = PBXBuildFile; fileRef = 9347ACEB27A683110017952D /* Main.storyboard */; };
		9347ACEF27A683120017952D /* Assets.xcassets in Resources */ = {isa = PBXBuildFile; fileRef = 9347ACEE27A683120017952D /* Assets.xcassets */; };
		9347ACF227A683120017952D /* LaunchScreen.storyboard in Resources */ = {isa = PBXBuildFile; fileRef = 9347ACF027A683120017952D /* LaunchScreen.storyboard */; };
		9347ACFD27A683120017952D /* DBEngineTests.swift in Sources */ = {isa = PBXBuildFile; fileRef = 9347ACFC27A683120017952D /* DBEngineTests.swift */; };
		9347AD0727A683120017952D /* DBEngineUITests.swift in Sources */ = {isa = PBXBuildFile; fileRef = 9347AD0627A683120017952D /* DBEngineUITests.swift */; };
		9347AD0927A683120017952D /* DBEngineUITestsLaunchTests.swift in Sources */ = {isa = PBXBuildFile; fileRef = 9347AD0827A683120017952D /* DBEngineUITestsLaunchTests.swift */; };
		9347AD1727A683340017952D /* DBEngine.swift in Sources */ = {isa = PBXBuildFile; fileRef = 9347AD1627A683340017952D /* DBEngine.swift */; };
		CD6BFCC00A8CBEA1FF91D60D /* Pods_DBEngineTests.framework in Frameworks */ = {isa = PBXBuildFile; fileRef = AE86B6F02A292276CF7FE898 /* Pods_DBEngineTests.framework */; };
		F0116A893455A9C72CA2965E /* Pods_DBEngine.framework in Frameworks */ = {isa = PBXBuildFile; fileRef = 3EACEC94D51CC0F598DB8406 /* Pods_DBEngine.framework */; };
/* End PBXBuildFile section */

/* Begin PBXContainerItemProxy section */
		9347ACF927A683120017952D /* PBXContainerItemProxy */ = {
			isa = PBXContainerItemProxy;
			containerPortal = 9347ACDA27A683110017952D /* Project object */;
			proxyType = 1;
			remoteGlobalIDString = 9347ACE127A683110017952D;
			remoteInfo = DBEngine;
		};
		9347AD0327A683120017952D /* PBXContainerItemProxy */ = {
			isa = PBXContainerItemProxy;
			containerPortal = 9347ACDA27A683110017952D /* Project object */;
			proxyType = 1;
			remoteGlobalIDString = 9347ACE127A683110017952D;
			remoteInfo = DBEngine;
		};
/* End PBXContainerItemProxy section */

/* Begin PBXFileReference section */
		32E31D8D5542F7DA448BCE0F /* Pods-DBEngine.release.xcconfig */ = {isa = PBXFileReference; includeInIndex = 1; lastKnownFileType = text.xcconfig; name = "Pods-DBEngine.release.xcconfig"; path = "Target Support Files/Pods-DBEngine/Pods-DBEngine.release.xcconfig"; sourceTree = "<group>"; };
		3EACEC94D51CC0F598DB8406 /* Pods_DBEngine.framework */ = {isa = PBXFileReference; explicitFileType = wrapper.framework; includeInIndex = 0; path = Pods_DBEngine.framework; sourceTree = BUILT_PRODUCTS_DIR; };
		4E344EC69957E94C1D21A183 /* Pods-DBEngine.debug.xcconfig */ = {isa = PBXFileReference; includeInIndex = 1; lastKnownFileType = text.xcconfig; name = "Pods-DBEngine.debug.xcconfig"; path = "Target Support Files/Pods-DBEngine/Pods-DBEngine.debug.xcconfig"; sourceTree = "<group>"; };
		57E1455B81FA5CC2ADDF79C4 /* Pods_DBEngine_DBEngineUITests.framework */ = {isa = PBXFileReference; explicitFileType = wrapper.framework; includeInIndex = 0; path = Pods_DBEngine_DBEngineUITests.framework; sourceTree = BUILT_PRODUCTS_DIR; };
		83137559B5BFFFCA0926EC5F /* Pods-DBEngine-DBEngineUITests.debug.xcconfig */ = {isa = PBXFileReference; includeInIndex = 1; lastKnownFileType = text.xcconfig; name = "Pods-DBEngine-DBEngineUITests.debug.xcconfig"; path = "Target Support Files/Pods-DBEngine-DBEngineUITests/Pods-DBEngine-DBEngineUITests.debug.xcconfig"; sourceTree = "<group>"; };
		9347ACE227A683110017952D /* DBEngine.app */ = {isa = PBXFileReference; explicitFileType = wrapper.application; includeInIndex = 0; path = DBEngine.app; sourceTree = BUILT_PRODUCTS_DIR; };
		9347ACE527A683110017952D /* AppDelegate.swift */ = {isa = PBXFileReference; lastKnownFileType = sourcecode.swift; path = AppDelegate.swift; sourceTree = "<group>"; };
		9347ACE727A683110017952D /* SceneDelegate.swift */ = {isa = PBXFileReference; lastKnownFileType = sourcecode.swift; path = SceneDelegate.swift; sourceTree = "<group>"; };
		9347ACE927A683110017952D /* ViewController.swift */ = {isa = PBXFileReference; lastKnownFileType = sourcecode.swift; path = ViewController.swift; sourceTree = "<group>"; };
		9347ACEC27A683110017952D /* Base */ = {isa = PBXFileReference; lastKnownFileType = file.storyboard; name = Base; path = Base.lproj/Main.storyboard; sourceTree = "<group>"; };
		9347ACEE27A683120017952D /* Assets.xcassets */ = {isa = PBXFileReference; lastKnownFileType = folder.assetcatalog; path = Assets.xcassets; sourceTree = "<group>"; };
		9347ACF127A683120017952D /* Base */ = {isa = PBXFileReference; lastKnownFileType = file.storyboard; name = Base; path = Base.lproj/LaunchScreen.storyboard; sourceTree = "<group>"; };
		9347ACF327A683120017952D /* Info.plist */ = {isa = PBXFileReference; lastKnownFileType = text.plist.xml; path = Info.plist; sourceTree = "<group>"; };
		9347ACF827A683120017952D /* DBEngineTests.xctest */ = {isa = PBXFileReference; explicitFileType = wrapper.cfbundle; includeInIndex = 0; path = DBEngineTests.xctest; sourceTree = BUILT_PRODUCTS_DIR; };
		9347ACFC27A683120017952D /* DBEngineTests.swift */ = {isa = PBXFileReference; lastKnownFileType = sourcecode.swift; path = DBEngineTests.swift; sourceTree = "<group>"; };
		9347AD0227A683120017952D /* DBEngineUITests.xctest */ = {isa = PBXFileReference; explicitFileType = wrapper.cfbundle; includeInIndex = 0; path = DBEngineUITests.xctest; sourceTree = BUILT_PRODUCTS_DIR; };
		9347AD0627A683120017952D /* DBEngineUITests.swift */ = {isa = PBXFileReference; lastKnownFileType = sourcecode.swift; path = DBEngineUITests.swift; sourceTree = "<group>"; };
		9347AD0827A683120017952D /* DBEngineUITestsLaunchTests.swift */ = {isa = PBXFileReference; lastKnownFileType = sourcecode.swift; path = DBEngineUITestsLaunchTests.swift; sourceTree = "<group>"; };
		9347AD1627A683340017952D /* DBEngine.swift */ = {isa = PBXFileReference; fileEncoding = 4; lastKnownFileType = sourcecode.swift; path = DBEngine.swift; sourceTree = "<group>"; };
		AE86B6F02A292276CF7FE898 /* Pods_DBEngineTests.framework */ = {isa = PBXFileReference; explicitFileType = wrapper.framework; includeInIndex = 0; path = Pods_DBEngineTests.framework; sourceTree = BUILT_PRODUCTS_DIR; };
		BC316045D690BB0B24C6E4FF /* Pods-DBEngineTests.release.xcconfig */ = {isa = PBXFileReference; includeInIndex = 1; lastKnownFileType = text.xcconfig; name = "Pods-DBEngineTests.release.xcconfig"; path = "Target Support Files/Pods-DBEngineTests/Pods-DBEngineTests.release.xcconfig"; sourceTree = "<group>"; };
		C3B8A509F534E5F4D82198E0 /* Pods-DBEngine-DBEngineUITests.release.xcconfig */ = {isa = PBXFileReference; includeInIndex = 1; lastKnownFileType = text.xcconfig; name = "Pods-DBEngine-DBEngineUITests.release.xcconfig"; path = "Target Support Files/Pods-DBEngine-DBEngineUITests/Pods-DBEngine-DBEngineUITests.release.xcconfig"; sourceTree = "<group>"; };
		F95E60254C5954D2846104AC /* Pods-DBEngineTests.debug.xcconfig */ = {isa = PBXFileReference; includeInIndex = 1; lastKnownFileType = text.xcconfig; name = "Pods-DBEngineTests.debug.xcconfig"; path = "Target Support Files/Pods-DBEngineTests/Pods-DBEngineTests.debug.xcconfig"; sourceTree = "<group>"; };
/* End PBXFileReference section */

/* Begin PBXFrameworksBuildPhase section */
		9347ACDF27A683110017952D /* Frameworks */ = {
			isa = PBXFrameworksBuildPhase;
			buildActionMask = 2147483647;
			files = (
				F0116A893455A9C72CA2965E /* Pods_DBEngine.framework in Frameworks */,
			);
			runOnlyForDeploymentPostprocessing = 0;
		};
		9347ACF527A683120017952D /* Frameworks */ = {
			isa = PBXFrameworksBuildPhase;
			buildActionMask = 2147483647;
			files = (
				CD6BFCC00A8CBEA1FF91D60D /* Pods_DBEngineTests.framework in Frameworks */,
			);
			runOnlyForDeploymentPostprocessing = 0;
		};
		9347ACFF27A683120017952D /* Frameworks */ = {
			isa = PBXFrameworksBuildPhase;
			buildActionMask = 2147483647;
			files = (
				2A54CCEAC9A0680E594726D6 /* Pods_DBEngine_DBEngineUITests.framework in Frameworks */,
			);
			runOnlyForDeploymentPostprocessing = 0;
		};
/* End PBXFrameworksBuildPhase section */

/* Begin PBXGroup section */
		9347ACD927A683110017952D = {
			isa = PBXGroup;
			children = (
				9347ACE427A683110017952D /* DBEngine */,
				9347ACFB27A683120017952D /* DBEngineTests */,
				9347AD0527A683120017952D /* DBEngineUITests */,
				9347ACE327A683110017952D /* Products */,
				B292823A771541AA206EE660 /* Pods */,
				D6A22E5B71AC1898B5DDD158 /* Frameworks */,
			);
			sourceTree = "<group>";
		};
		9347ACE327A683110017952D /* Products */ = {
			isa = PBXGroup;
			children = (
				9347ACE227A683110017952D /* DBEngine.app */,
				9347ACF827A683120017952D /* DBEngineTests.xctest */,
				9347AD0227A683120017952D /* DBEngineUITests.xctest */,
			);
			name = Products;
			sourceTree = "<group>";
		};
		9347ACE427A683110017952D /* DBEngine */ = {
			isa = PBXGroup;
			children = (
				9347AD1527A683170017952D /* src */,
				9347ACE527A683110017952D /* AppDelegate.swift */,
				9347ACE727A683110017952D /* SceneDelegate.swift */,
				9347ACE927A683110017952D /* ViewController.swift */,
				9347ACEB27A683110017952D /* Main.storyboard */,
				9347ACEE27A683120017952D /* Assets.xcassets */,
				9347ACF027A683120017952D /* LaunchScreen.storyboard */,
				9347ACF327A683120017952D /* Info.plist */,
			);
			path = DBEngine;
			sourceTree = "<group>";
		};
		9347ACFB27A683120017952D /* DBEngineTests */ = {
			isa = PBXGroup;
			children = (
				9347ACFC27A683120017952D /* DBEngineTests.swift */,
			);
			path = DBEngineTests;
			sourceTree = "<group>";
		};
		9347AD0527A683120017952D /* DBEngineUITests */ = {
			isa = PBXGroup;
			children = (
				9347AD0627A683120017952D /* DBEngineUITests.swift */,
				9347AD0827A683120017952D /* DBEngineUITestsLaunchTests.swift */,
			);
			path = DBEngineUITests;
			sourceTree = "<group>";
		};
		9347AD1527A683170017952D /* src */ = {
			isa = PBXGroup;
			children = (
				9347AD1627A683340017952D /* DBEngine.swift */,
			);
			path = src;
			sourceTree = "<group>";
		};
		B292823A771541AA206EE660 /* Pods */ = {
			isa = PBXGroup;
			children = (
				4E344EC69957E94C1D21A183 /* Pods-DBEngine.debug.xcconfig */,
				32E31D8D5542F7DA448BCE0F /* Pods-DBEngine.release.xcconfig */,
				83137559B5BFFFCA0926EC5F /* Pods-DBEngine-DBEngineUITests.debug.xcconfig */,
				C3B8A509F534E5F4D82198E0 /* Pods-DBEngine-DBEngineUITests.release.xcconfig */,
				F95E60254C5954D2846104AC /* Pods-DBEngineTests.debug.xcconfig */,
				BC316045D690BB0B24C6E4FF /* Pods-DBEngineTests.release.xcconfig */,
			);
			name = Pods;
			path = Pods;
			sourceTree = "<group>";
		};
		D6A22E5B71AC1898B5DDD158 /* Frameworks */ = {
			isa = PBXGroup;
			children = (
				3EACEC94D51CC0F598DB8406 /* Pods_DBEngine.framework */,
				57E1455B81FA5CC2ADDF79C4 /* Pods_DBEngine_DBEngineUITests.framework */,
				AE86B6F02A292276CF7FE898 /* Pods_DBEngineTests.framework */,
			);
			name = Frameworks;
			sourceTree = "<group>";
		};
/* End PBXGroup section */

/* Begin PBXNativeTarget section */
		9347ACE127A683110017952D /* DBEngine */ = {
			isa = PBXNativeTarget;
			buildConfigurationList = 9347AD0C27A683120017952D /* Build configuration list for PBXNativeTarget "DBEngine" */;
			buildPhases = (
				C4EB9D10053CDA2F2E83C5B7 /* [CP] Check Pods Manifest.lock */,
				9347ACDE27A683110017952D /* Sources */,
				9347ACDF27A683110017952D /* Frameworks */,
				9347ACE027A683110017952D /* Resources */,
				BBB4C88CAD3003FF779B7969 /* [CP] Embed Pods Frameworks */,
			);
			buildRules = (
			);
			dependencies = (
			);
			name = DBEngine;
			productName = DBEngine;
			productReference = 9347ACE227A683110017952D /* DBEngine.app */;
			productType = "com.apple.product-type.application";
		};
		9347ACF727A683120017952D /* DBEngineTests */ = {
			isa = PBXNativeTarget;
			buildConfigurationList = 9347AD0F27A683120017952D /* Build configuration list for PBXNativeTarget "DBEngineTests" */;
			buildPhases = (
				7B5BA4597EC7AA37F9F10C8A /* [CP] Check Pods Manifest.lock */,
				9347ACF427A683120017952D /* Sources */,
				9347ACF527A683120017952D /* Frameworks */,
				9347ACF627A683120017952D /* Resources */,
			);
			buildRules = (
			);
			dependencies = (
				9347ACFA27A683120017952D /* PBXTargetDependency */,
			);
			name = DBEngineTests;
			productName = DBEngineTests;
			productReference = 9347ACF827A683120017952D /* DBEngineTests.xctest */;
			productType = "com.apple.product-type.bundle.unit-test";
		};
		9347AD0127A683120017952D /* DBEngineUITests */ = {
			isa = PBXNativeTarget;
			buildConfigurationList = 9347AD1227A683120017952D /* Build configuration list for PBXNativeTarget "DBEngineUITests" */;
			buildPhases = (
				302141E1895AF947E11B8A3B /* [CP] Check Pods Manifest.lock */,
				9347ACFE27A683120017952D /* Sources */,
				9347ACFF27A683120017952D /* Frameworks */,
				9347AD0027A683120017952D /* Resources */,
				DA9D905D131E6A296166DCEB /* [CP] Embed Pods Frameworks */,
			);
			buildRules = (
			);
			dependencies = (
				9347AD0427A683120017952D /* PBXTargetDependency */,
			);
			name = DBEngineUITests;
			productName = DBEngineUITests;
			productReference = 9347AD0227A683120017952D /* DBEngineUITests.xctest */;
			productType = "com.apple.product-type.bundle.ui-testing";
		};
/* End PBXNativeTarget section */

/* Begin PBXProject section */
		9347ACDA27A683110017952D /* Project object */ = {
			isa = PBXProject;
			attributes = {
				BuildIndependentTargetsInParallel = 1;
				LastSwiftUpdateCheck = 1320;
				LastUpgradeCheck = 1320;
				TargetAttributes = {
					9347ACE127A683110017952D = {
						CreatedOnToolsVersion = 13.2;
					};
					9347ACF727A683120017952D = {
						CreatedOnToolsVersion = 13.2;
						TestTargetID = 9347ACE127A683110017952D;
					};
					9347AD0127A683120017952D = {
						CreatedOnToolsVersion = 13.2;
						TestTargetID = 9347ACE127A683110017952D;
					};
				};
			};
			buildConfigurationList = 9347ACDD27A683110017952D /* Build configuration list for PBXProject "DBEngine" */;
			compatibilityVersion = "Xcode 13.0";
			developmentRegion = en;
			hasScannedForEncodings = 0;
			knownRegions = (
				en,
				Base,
			);
			mainGroup = 9347ACD927A683110017952D;
			productRefGroup = 9347ACE327A683110017952D /* Products */;
			projectDirPath = "";
			projectRoot = "";
			targets = (
				9347ACE127A683110017952D /* DBEngine */,
				9347ACF727A683120017952D /* DBEngineTests */,
				9347AD0127A683120017952D /* DBEngineUITests */,
			);
		};
/* End PBXProject section */

/* Begin PBXResourcesBuildPhase section */
		9347ACE027A683110017952D /* Resources */ = {
			isa = PBXResourcesBuildPhase;
			buildActionMask = 2147483647;
			files = (
				9347ACF227A683120017952D /* LaunchScreen.storyboard in Resources */,
				9347ACEF27A683120017952D /* Assets.xcassets in Resources */,
				9347ACED27A683110017952D /* Main.storyboard in Resources */,
			);
			runOnlyForDeploymentPostprocessing = 0;
		};
		9347ACF627A683120017952D /* Resources */ = {
			isa = PBXResourcesBuildPhase;
			buildActionMask = 2147483647;
			files = (
			);
			runOnlyForDeploymentPostprocessing = 0;
		};
		9347AD0027A683120017952D /* Resources */ = {
			isa = PBXResourcesBuildPhase;
			buildActionMask = 2147483647;
			files = (
			);
			runOnlyForDeploymentPostprocessing = 0;
		};
/* End PBXResourcesBuildPhase section */

/* Begin PBXShellScriptBuildPhase section */
		302141E1895AF947E11B8A3B /* [CP] Check Pods Manifest.lock */ = {
			isa = PBXShellScriptBuildPhase;
			buildActionMask = 2147483647;
			files = (
			);
			inputFileListPaths = (
			);
			inputPaths = (
				"${PODS_PODFILE_DIR_PATH}/Podfile.lock",
				"${PODS_ROOT}/Manifest.lock",
			);
			name = "[CP] Check Pods Manifest.lock";
			outputFileListPaths = (
			);
			outputPaths = (
				"$(DERIVED_FILE_DIR)/Pods-DBEngine-DBEngineUITests-checkManifestLockResult.txt",
			);
			runOnlyForDeploymentPostprocessing = 0;
			shellPath = /bin/sh;
			shellScript = "diff \"${PODS_PODFILE_DIR_PATH}/Podfile.lock\" \"${PODS_ROOT}/Manifest.lock\" > /dev/null\nif [ $? != 0 ] ; then\n    # print error to STDERR\n    echo \"error: The sandbox is not in sync with the Podfile.lock. Run 'pod install' or update your CocoaPods installation.\" >&2\n    exit 1\nfi\n# This output is used by Xcode 'outputs' to avoid re-running this script phase.\necho \"SUCCESS\" > \"${SCRIPT_OUTPUT_FILE_0}\"\n";
			showEnvVarsInLog = 0;
		};
		7B5BA4597EC7AA37F9F10C8A /* [CP] Check Pods Manifest.lock */ = {
			isa = PBXShellScriptBuildPhase;
			buildActionMask = 2147483647;
			files = (
			);
			inputFileListPaths = (
			);
			inputPaths = (
				"${PODS_PODFILE_DIR_PATH}/Podfile.lock",
				"${PODS_ROOT}/Manifest.lock",
			);
			name = "[CP] Check Pods Manifest.lock";
			outputFileListPaths = (
			);
			outputPaths = (
				"$(DERIVED_FILE_DIR)/Pods-DBEngineTests-checkManifestLockResult.txt",
			);
			runOnlyForDeploymentPostprocessing = 0;
			shellPath = /bin/sh;
			shellScript = "diff \"${PODS_PODFILE_DIR_PATH}/Podfile.lock\" \"${PODS_ROOT}/Manifest.lock\" > /dev/null\nif [ $? != 0 ] ; then\n    # print error to STDERR\n    echo \"error: The sandbox is not in sync with the Podfile.lock. Run 'pod install' or update your CocoaPods installation.\" >&2\n    exit 1\nfi\n# This output is used by Xcode 'outputs' to avoid re-running this script phase.\necho \"SUCCESS\" > \"${SCRIPT_OUTPUT_FILE_0}\"\n";
			showEnvVarsInLog = 0;
		};
		BBB4C88CAD3003FF779B7969 /* [CP] Embed Pods Frameworks */ = {
			isa = PBXShellScriptBuildPhase;
			buildActionMask = 2147483647;
			files = (
			);
			inputFileListPaths = (
				"${PODS_ROOT}/Target Support Files/Pods-DBEngine/Pods-DBEngine-frameworks-${CONFIGURATION}-input-files.xcfilelist",
			);
			name = "[CP] Embed Pods Frameworks";
			outputFileListPaths = (
				"${PODS_ROOT}/Target Support Files/Pods-DBEngine/Pods-DBEngine-frameworks-${CONFIGURATION}-output-files.xcfilelist",
			);
			runOnlyForDeploymentPostprocessing = 0;
			shellPath = /bin/sh;
			shellScript = "\"${PODS_ROOT}/Target Support Files/Pods-DBEngine/Pods-DBEngine-frameworks.sh\"\n";
			showEnvVarsInLog = 0;
		};
		C4EB9D10053CDA2F2E83C5B7 /* [CP] Check Pods Manifest.lock */ = {
			isa = PBXShellScriptBuildPhase;
			buildActionMask = 2147483647;
			files = (
			);
			inputFileListPaths = (
			);
			inputPaths = (
				"${PODS_PODFILE_DIR_PATH}/Podfile.lock",
				"${PODS_ROOT}/Manifest.lock",
			);
			name = "[CP] Check Pods Manifest.lock";
			outputFileListPaths = (
			);
			outputPaths = (
				"$(DERIVED_FILE_DIR)/Pods-DBEngine-checkManifestLockResult.txt",
			);
			runOnlyForDeploymentPostprocessing = 0;
			shellPath = /bin/sh;
			shellScript = "diff \"${PODS_PODFILE_DIR_PATH}/Podfile.lock\" \"${PODS_ROOT}/Manifest.lock\" > /dev/null\nif [ $? != 0 ] ; then\n    # print error to STDERR\n    echo \"error: The sandbox is not in sync with the Podfile.lock. Run 'pod install' or update your CocoaPods installation.\" >&2\n    exit 1\nfi\n# This output is used by Xcode 'outputs' to avoid re-running this script phase.\necho \"SUCCESS\" > \"${SCRIPT_OUTPUT_FILE_0}\"\n";
			showEnvVarsInLog = 0;
		};
		DA9D905D131E6A296166DCEB /* [CP] Embed Pods Frameworks */ = {
			isa = PBXShellScriptBuildPhase;
			buildActionMask = 2147483647;
			files = (
			);
			inputFileListPaths = (
				"${PODS_ROOT}/Target Support Files/Pods-DBEngine-DBEngineUITests/Pods-DBEngine-DBEngineUITests-frameworks-${CONFIGURATION}-input-files.xcfilelist",
			);
			name = "[CP] Embed Pods Frameworks";
			outputFileListPaths = (
				"${PODS_ROOT}/Target Support Files/Pods-DBEngine-DBEngineUITests/Pods-DBEngine-DBEngineUITests-frameworks-${CONFIGURATION}-output-files.xcfilelist",
			);
			runOnlyForDeploymentPostprocessing = 0;
			shellPath = /bin/sh;
			shellScript = "\"${PODS_ROOT}/Target Support Files/Pods-DBEngine-DBEngineUITests/Pods-DBEngine-DBEngineUITests-frameworks.sh\"\n";
			showEnvVarsInLog = 0;
		};
/* End PBXShellScriptBuildPhase section */

/* Begin PBXSourcesBuildPhase section */
		9347ACDE27A683110017952D /* Sources */ = {
			isa = PBXSourcesBuildPhase;
			buildActionMask = 2147483647;
			files = (
				9347ACEA27A683110017952D /* ViewController.swift in Sources */,
				9347AD1727A683340017952D /* DBEngine.swift in Sources */,
				9347ACE627A683110017952D /* AppDelegate.swift in Sources */,
				9347ACE827A683110017952D /* SceneDelegate.swift in Sources */,
			);
			runOnlyForDeploymentPostprocessing = 0;
		};
		9347ACF427A683120017952D /* Sources */ = {
			isa = PBXSourcesBuildPhase;
			buildActionMask = 2147483647;
			files = (
				9347ACFD27A683120017952D /* DBEngineTests.swift in Sources */,
			);
			runOnlyForDeploymentPostprocessing = 0;
		};
		9347ACFE27A683120017952D /* Sources */ = {
			isa = PBXSourcesBuildPhase;
			buildActionMask = 2147483647;
			files = (
				9347AD0927A683120017952D /* DBEngineUITestsLaunchTests.swift in Sources */,
				9347AD0727A683120017952D /* DBEngineUITests.swift in Sources */,
			);
			runOnlyForDeploymentPostprocessing = 0;
		};
/* End PBXSourcesBuildPhase section */

/* Begin PBXTargetDependency section */
		9347ACFA27A683120017952D /* PBXTargetDependency */ = {
			isa = PBXTargetDependency;
			target = 9347ACE127A683110017952D /* DBEngine */;
			targetProxy = 9347ACF927A683120017952D /* PBXContainerItemProxy */;
		};
		9347AD0427A683120017952D /* PBXTargetDependency */ = {
			isa = PBXTargetDependency;
			target = 9347ACE127A683110017952D /* DBEngine */;
			targetProxy = 9347AD0327A683120017952D /* PBXContainerItemProxy */;
		};
/* End PBXTargetDependency section */

/* Begin PBXVariantGroup section */
		9347ACEB27A683110017952D /* Main.storyboard */ = {
			isa = PBXVariantGroup;
			children = (
				9347ACEC27A683110017952D /* Base */,
			);
			name = Main.storyboard;
			sourceTree = "<group>";
		};
		9347ACF027A683120017952D /* LaunchScreen.storyboard */ = {
			isa = PBXVariantGroup;
			children = (
				9347ACF127A683120017952D /* Base */,
			);
			name = LaunchScreen.storyboard;
			sourceTree = "<group>";
		};
/* End PBXVariantGroup section */

/* Begin XCBuildConfiguration section */
		9347AD0A27A683120017952D /* Debug */ = {
			isa = XCBuildConfiguration;
			buildSettings = {
				ALWAYS_SEARCH_USER_PATHS = NO;
				CLANG_ANALYZER_NONNULL = YES;
				CLANG_ANALYZER_NUMBER_OBJECT_CONVERSION = YES_AGGRESSIVE;
				CLANG_CXX_LANGUAGE_STANDARD = "gnu++17";
				CLANG_CXX_LIBRARY = "libc++";
				CLANG_ENABLE_MODULES = YES;
				CLANG_ENABLE_OBJC_ARC = YES;
				CLANG_ENABLE_OBJC_WEAK = YES;
				CLANG_WARN_BLOCK_CAPTURE_AUTORELEASING = YES;
				CLANG_WARN_BOOL_CONVERSION = YES;
				CLANG_WARN_COMMA = YES;
				CLANG_WARN_CONSTANT_CONVERSION = YES;
				CLANG_WARN_DEPRECATED_OBJC_IMPLEMENTATIONS = YES;
				CLANG_WARN_DIRECT_OBJC_ISA_USAGE = YES_ERROR;
				CLANG_WARN_DOCUMENTATION_COMMENTS = YES;
				CLANG_WARN_EMPTY_BODY = YES;
				CLANG_WARN_ENUM_CONVERSION = YES;
				CLANG_WARN_INFINITE_RECURSION = YES;
				CLANG_WARN_INT_CONVERSION = YES;
				CLANG_WARN_NON_LITERAL_NULL_CONVERSION = YES;
				CLANG_WARN_OBJC_IMPLICIT_RETAIN_SELF = YES;
				CLANG_WARN_OBJC_LITERAL_CONVERSION = YES;
				CLANG_WARN_OBJC_ROOT_CLASS = YES_ERROR;
				CLANG_WARN_QUOTED_INCLUDE_IN_FRAMEWORK_HEADER = YES;
				CLANG_WARN_RANGE_LOOP_ANALYSIS = YES;
				CLANG_WARN_STRICT_PROTOTYPES = YES;
				CLANG_WARN_SUSPICIOUS_MOVE = YES;
				CLANG_WARN_UNGUARDED_AVAILABILITY = YES_AGGRESSIVE;
				CLANG_WARN_UNREACHABLE_CODE = YES;
				CLANG_WARN__DUPLICATE_METHOD_MATCH = YES;
				COPY_PHASE_STRIP = NO;
				DEBUG_INFORMATION_FORMAT = dwarf;
				ENABLE_STRICT_OBJC_MSGSEND = YES;
				ENABLE_TESTABILITY = YES;
				GCC_C_LANGUAGE_STANDARD = gnu11;
				GCC_DYNAMIC_NO_PIC = NO;
				GCC_NO_COMMON_BLOCKS = YES;
				GCC_OPTIMIZATION_LEVEL = 0;
				GCC_PREPROCESSOR_DEFINITIONS = (
					"DEBUG=1",
					"$(inherited)",
				);
				GCC_WARN_64_TO_32_BIT_CONVERSION = YES;
				GCC_WARN_ABOUT_RETURN_TYPE = YES_ERROR;
				GCC_WARN_UNDECLARED_SELECTOR = YES;
				GCC_WARN_UNINITIALIZED_AUTOS = YES_AGGRESSIVE;
				GCC_WARN_UNUSED_FUNCTION = YES;
				GCC_WARN_UNUSED_VARIABLE = YES;
				IPHONEOS_DEPLOYMENT_TARGET = 15.2;
				MTL_ENABLE_DEBUG_INFO = INCLUDE_SOURCE;
				MTL_FAST_MATH = YES;
				ONLY_ACTIVE_ARCH = YES;
				SDKROOT = iphoneos;
				SWIFT_ACTIVE_COMPILATION_CONDITIONS = DEBUG;
				SWIFT_OPTIMIZATION_LEVEL = "-Onone";
			};
			name = Debug;
		};
		9347AD0B27A683120017952D /* Release */ = {
			isa = XCBuildConfiguration;
			buildSettings = {
				ALWAYS_SEARCH_USER_PATHS = NO;
				CLANG_ANALYZER_NONNULL = YES;
				CLANG_ANALYZER_NUMBER_OBJECT_CONVERSION = YES_AGGRESSIVE;
				CLANG_CXX_LANGUAGE_STANDARD = "gnu++17";
				CLANG_CXX_LIBRARY = "libc++";
				CLANG_ENABLE_MODULES = YES;
				CLANG_ENABLE_OBJC_ARC = YES;
				CLANG_ENABLE_OBJC_WEAK = YES;
				CLANG_WARN_BLOCK_CAPTURE_AUTORELEASING = YES;
				CLANG_WARN_BOOL_CONVERSION = YES;
				CLANG_WARN_COMMA = YES;
				CLANG_WARN_CONSTANT_CONVERSION = YES;
				CLANG_WARN_DEPRECATED_OBJC_IMPLEMENTATIONS = YES;
				CLANG_WARN_DIRECT_OBJC_ISA_USAGE = YES_ERROR;
				CLANG_WARN_DOCUMENTATION_COMMENTS = YES;
				CLANG_WARN_EMPTY_BODY = YES;
				CLANG_WARN_ENUM_CONVERSION = YES;
				CLANG_WARN_INFINITE_RECURSION = YES;
				CLANG_WARN_INT_CONVERSION = YES;
				CLANG_WARN_NON_LITERAL_NULL_CONVERSION = YES;
				CLANG_WARN_OBJC_IMPLICIT_RETAIN_SELF = YES;
				CLANG_WARN_OBJC_LITERAL_CONVERSION = YES;
				CLANG_WARN_OBJC_ROOT_CLASS = YES_ERROR;
				CLANG_WARN_QUOTED_INCLUDE_IN_FRAMEWORK_HEADER = YES;
				CLANG_WARN_RANGE_LOOP_ANALYSIS = YES;
				CLANG_WARN_STRICT_PROTOTYPES = YES;
				CLANG_WARN_SUSPICIOUS_MOVE = YES;
				CLANG_WARN_UNGUARDED_AVAILABILITY = YES_AGGRESSIVE;
				CLANG_WARN_UNREACHABLE_CODE = YES;
				CLANG_WARN__DUPLICATE_METHOD_MATCH = YES;
				COPY_PHASE_STRIP = NO;
				DEBUG_INFORMATION_FORMAT = "dwarf-with-dsym";
				ENABLE_NS_ASSERTIONS = NO;
				ENABLE_STRICT_OBJC_MSGSEND = YES;
				GCC_C_LANGUAGE_STANDARD = gnu11;
				GCC_NO_COMMON_BLOCKS = YES;
				GCC_WARN_64_TO_32_BIT_CONVERSION = YES;
				GCC_WARN_ABOUT_RETURN_TYPE = YES_ERROR;
				GCC_WARN_UNDECLARED_SELECTOR = YES;
				GCC_WARN_UNINITIALIZED_AUTOS = YES_AGGRESSIVE;
				GCC_WARN_UNUSED_FUNCTION = YES;
				GCC_WARN_UNUSED_VARIABLE = YES;
				IPHONEOS_DEPLOYMENT_TARGET = 15.2;
				MTL_ENABLE_DEBUG_INFO = NO;
				MTL_FAST_MATH = YES;
				SDKROOT = iphoneos;
				SWIFT_COMPILATION_MODE = wholemodule;
				SWIFT_OPTIMIZATION_LEVEL = "-O";
				VALIDATE_PRODUCT = YES;
			};
			name = Release;
		};
		9347AD0D27A683120017952D /* Debug */ = {
			isa = XCBuildConfiguration;
			baseConfigurationReference = 4E344EC69957E94C1D21A183 /* Pods-DBEngine.debug.xcconfig */;
			buildSettings = {
				ASSETCATALOG_COMPILER_APPICON_NAME = AppIcon;
				ASSETCATALOG_COMPILER_GLOBAL_ACCENT_COLOR_NAME = AccentColor;
				CODE_SIGN_STYLE = Automatic;
				CURRENT_PROJECT_VERSION = 1;
				GENERATE_INFOPLIST_FILE = YES;
				INFOPLIST_FILE = DBEngine/Info.plist;
				INFOPLIST_KEY_UIApplicationSupportsIndirectInputEvents = YES;
				INFOPLIST_KEY_UILaunchStoryboardName = LaunchScreen;
				INFOPLIST_KEY_UIMainStoryboardFile = Main;
				INFOPLIST_KEY_UISupportedInterfaceOrientations_iPad = "UIInterfaceOrientationPortrait UIInterfaceOrientationPortraitUpsideDown UIInterfaceOrientationLandscapeLeft UIInterfaceOrientationLandscapeRight";
				INFOPLIST_KEY_UISupportedInterfaceOrientations_iPhone = "UIInterfaceOrientationPortrait UIInterfaceOrientationLandscapeLeft UIInterfaceOrientationLandscapeRight";
				LD_RUNPATH_SEARCH_PATHS = (
					"$(inherited)",
					"@executable_path/Frameworks",
				);
				MARKETING_VERSION = 1.0;
				PRODUCT_BUNDLE_IDENTIFIER = com.kexiaoxia.DBEngine;
				PRODUCT_NAME = "$(TARGET_NAME)";
				SWIFT_EMIT_LOC_STRINGS = YES;
				SWIFT_VERSION = 5.0;
				TARGETED_DEVICE_FAMILY = "1,2";
			};
			name = Debug;
		};
		9347AD0E27A683120017952D /* Release */ = {
			isa = XCBuildConfiguration;
			baseConfigurationReference = 32E31D8D5542F7DA448BCE0F /* Pods-DBEngine.release.xcconfig */;
			buildSettings = {
				ASSETCATALOG_COMPILER_APPICON_NAME = AppIcon;
				ASSETCATALOG_COMPILER_GLOBAL_ACCENT_COLOR_NAME = AccentColor;
				CODE_SIGN_STYLE = Automatic;
				CURRENT_PROJECT_VERSION = 1;
				GENERATE_INFOPLIST_FILE = YES;
				INFOPLIST_FILE = DBEngine/Info.plist;
				INFOPLIST_KEY_UIApplicationSupportsIndirectInputEvents = YES;
				INFOPLIST_KEY_UILaunchStoryboardName = LaunchScreen;
				INFOPLIST_KEY_UIMainStoryboardFile = Main;
				INFOPLIST_KEY_UISupportedInterfaceOrientations_iPad = "UIInterfaceOrientationPortrait UIInterfaceOrientationPortraitUpsideDown UIInterfaceOrientationLandscapeLeft UIInterfaceOrientationLandscapeRight";
				INFOPLIST_KEY_UISupportedInterfaceOrientations_iPhone = "UIInterfaceOrientationPortrait UIInterfaceOrientationLandscapeLeft UIInterfaceOrientationLandscapeRight";
				LD_RUNPATH_SEARCH_PATHS = (
					"$(inherited)",
					"@executable_path/Frameworks",
				);
				MARKETING_VERSION = 1.0;
				PRODUCT_BUNDLE_IDENTIFIER = com.kexiaoxia.DBEngine;
				PRODUCT_NAME = "$(TARGET_NAME)";
				SWIFT_EMIT_LOC_STRINGS = YES;
				SWIFT_VERSION = 5.0;
				TARGETED_DEVICE_FAMILY = "1,2";
			};
			name = Release;
		};
		9347AD1027A683120017952D /* Debug */ = {
			isa = XCBuildConfiguration;
			baseConfigurationReference = F95E60254C5954D2846104AC /* Pods-DBEngineTests.debug.xcconfig */;
			buildSettings = {
				ALWAYS_EMBED_SWIFT_STANDARD_LIBRARIES = YES;
				BUNDLE_LOADER = "$(TEST_HOST)";
				CODE_SIGN_STYLE = Automatic;
				CURRENT_PROJECT_VERSION = 1;
				GENERATE_INFOPLIST_FILE = YES;
				IPHONEOS_DEPLOYMENT_TARGET = 15.2;
				MARKETING_VERSION = 1.0;
				PRODUCT_BUNDLE_IDENTIFIER = com.kexiaoxia.DBEngineTests;
				PRODUCT_NAME = "$(TARGET_NAME)";
				SWIFT_EMIT_LOC_STRINGS = NO;
				SWIFT_VERSION = 5.0;
				TARGETED_DEVICE_FAMILY = "1,2";
				TEST_HOST = "$(BUILT_PRODUCTS_DIR)/DBEngine.app/DBEngine";
			};
			name = Debug;
		};
		9347AD1127A683120017952D /* Release */ = {
			isa = XCBuildConfiguration;
			baseConfigurationReference = BC316045D690BB0B24C6E4FF /* Pods-DBEngineTests.release.xcconfig */;
			buildSettings = {
				ALWAYS_EMBED_SWIFT_STANDARD_LIBRARIES = YES;
				BUNDLE_LOADER = "$(TEST_HOST)";
				CODE_SIGN_STYLE = Automatic;
				CURRENT_PROJECT_VERSION = 1;
				GENERATE_INFOPLIST_FILE = YES;
				IPHONEOS_DEPLOYMENT_TARGET = 15.2;
				MARKETING_VERSION = 1.0;
				PRODUCT_BUNDLE_IDENTIFIER = com.kexiaoxia.DBEngineTests;
				PRODUCT_NAME = "$(TARGET_NAME)";
				SWIFT_EMIT_LOC_STRINGS = NO;
				SWIFT_VERSION = 5.0;
				TARGETED_DEVICE_FAMILY = "1,2";
				TEST_HOST = "$(BUILT_PRODUCTS_DIR)/DBEngine.app/DBEngine";
			};
			name = Release;
		};
		9347AD1327A683120017952D /* Debug */ = {
			isa = XCBuildConfiguration;
			baseConfigurationReference = 83137559B5BFFFCA0926EC5F /* Pods-DBEngine-DBEngineUITests.debug.xcconfig */;
			buildSettings = {
				ALWAYS_EMBED_SWIFT_STANDARD_LIBRARIES = YES;
				CODE_SIGN_STYLE = Automatic;
				CURRENT_PROJECT_VERSION = 1;
				GENERATE_INFOPLIST_FILE = YES;
				MARKETING_VERSION = 1.0;
				PRODUCT_BUNDLE_IDENTIFIER = com.kexiaoxia.DBEngineUITests;
				PRODUCT_NAME = "$(TARGET_NAME)";
				SWIFT_EMIT_LOC_STRINGS = NO;
				SWIFT_VERSION = 5.0;
				TARGETED_DEVICE_FAMILY = "1,2";
				TEST_TARGET_NAME = DBEngine;
			};
			name = Debug;
		};
		9347AD1427A683120017952D /* Release */ = {
			isa = XCBuildConfiguration;
			baseConfigurationReference = C3B8A509F534E5F4D82198E0 /* Pods-DBEngine-DBEngineUITests.release.xcconfig */;
			buildSettings = {
				ALWAYS_EMBED_SWIFT_STANDARD_LIBRARIES = YES;
				CODE_SIGN_STYLE = Automatic;
				CURRENT_PROJECT_VERSION = 1;
				GENERATE_INFOPLIST_FILE = YES;
				MARKETING_VERSION = 1.0;
				PRODUCT_BUNDLE_IDENTIFIER = com.kexiaoxia.DBEngineUITests;
				PRODUCT_NAME = "$(TARGET_NAME)";
				SWIFT_EMIT_LOC_STRINGS = NO;
				SWIFT_VERSION = 5.0;
				TARGETED_DEVICE_FAMILY = "1,2";
				TEST_TARGET_NAME = DBEngine;
			};
			name = Release;
		};
/* End XCBuildConfiguration section */

/* Begin XCConfigurationList section */
		9347ACDD27A683110017952D /* Build configuration list for PBXProject "DBEngine" */ = {
			isa = XCConfigurationList;
			buildConfigurations = (
				9347AD0A27A683120017952D /* Debug */,
				9347AD0B27A683120017952D /* Release */,
			);
			defaultConfigurationIsVisible = 0;
			defaultConfigurationName = Release;
		};
		9347AD0C27A683120017952D /* Build configuration list for PBXNativeTarget "DBEngine" */ = {
			isa = XCConfigurationList;
			buildConfigurations = (
				9347AD0D27A683120017952D /* Debug */,
				9347AD0E27A683120017952D /* Release */,
			);
			defaultConfigurationIsVisible = 0;
			defaultConfigurationName = Release;
		};
		9347AD0F27A683120017952D /* Build configuration list for PBXNativeTarget "DBEngineTests" */ = {
			isa = XCConfigurationList;
			buildConfigurations = (
				9347AD1027A683120017952D /* Debug */,
				9347AD1127A683120017952D /* Release */,
			);
			defaultConfigurationIsVisible = 0;
			defaultConfigurationName = Release;
		};
		9347AD1227A683120017952D /* Build configuration list for PBXNativeTarget "DBEngineUITests" */ = {
			isa = XCConfigurationList;
			buildConfigurations = (
				9347AD1327A683120017952D /* Debug */,
				9347AD1427A683120017952D /* Release */,
			);
			defaultConfigurationIsVisible = 0;
			defaultConfigurationName = Release;
		};
/* End XCConfigurationList section */
	};
	rootObject = 9347ACDA27A683110017952D /* Project object */;
}
